
Microsoft Visual Studio Solution File, Format Version 12.00
# Visual Studio Version 17
VisualStudioVersion = 17.0.31903.59
MinimumVisualStudioVersion = 10.0.40219.1
Project("{FAE04EC0-301F-11D3-BF4B-00C04F79EFBC}") = "Chickensoft.Sync", "Chickensoft.Sync\Chickensoft.Sync.csproj", "{4A3E9995-9330-4E3B-B484-F0E81C5BE34D}"
EndProject
Project("{FAE04EC0-301F-11D3-BF4B-00C04F79EFBC}") = "Chickensoft.Sync.Tests", "Chickensoft.Sync.Tests\Chickensoft.Sync.Tests.csproj", "{7E17A2A4-B562-4C2B-8F20-11FEC657EB3A}"
EndProject
Project("{FAE04EC0-301F-11D3-BF4B-00C04F79EFBC}") = "Chickensoft.Sync.Benchmarks", "Chickensoft.Sync.Benchmarks\Chickensoft.Sync.Benchmarks.csproj", "{2E1AEF64-10FF-4B72-B21D-81773D787A25}"
EndProject
Global
	GlobalSection(SolutionConfigurationPlatforms) = preSolution
		Debug|Any CPU = Debug|Any CPU
		Release|Any CPU = Release|Any CPU
	EndGlobalSection
	GlobalSection(SolutionProperties) = preSolution
		HideSolutionNode = FALSE
	EndGlobalSection
	GlobalSection(ProjectConfigurationPlatforms) = postSolution
		{4A3E9995-9330-4E3B-B484-F0E81C5BE34D}.Debug|Any CPU.ActiveCfg = Debug|Any CPU
		{4A3E9995-9330-4E3B-B484-F0E81C5BE34D}.Debug|Any CPU.Build.0 = Debug|Any CPU
		{4A3E9995-9330-4E3B-B484-F0E81C5BE34D}.Release|Any CPU.ActiveCfg = Release|Any CPU
		{4A3E9995-9330-4E3B-B484-F0E81C5BE34D}.Release|Any CPU.Build.0 = Release|Any CPU
		{7E17A2A4-B562-4C2B-8F20-11FEC657EB3A}.Debug|Any CPU.ActiveCfg = Debug|Any CPU
		{7E17A2A4-B562-4C2B-8F20-11FEC657EB3A}.Debug|Any CPU.Build.0 = Debug|Any CPU
		{7E17A2A4-B562-4C2B-8F20-11FEC657EB3A}.Release|Any CPU.ActiveCfg = Release|Any CPU
		{7E17A2A4-B562-4C2B-8F20-11FEC657EB3A}.Release|Any CPU.Build.0 = Release|Any CPU
		{2E1AEF64-10FF-4B72-B21D-81773D787A25}.Debug|Any CPU.ActiveCfg = Debug|Any CPU
		{2E1AEF64-10FF-4B72-B21D-81773D787A25}.Debug|Any CPU.Build.0 = Debug|Any CPU
		{2E1AEF64-10FF-4B72-B21D-81773D787A25}.Release|Any CPU.ActiveCfg = Release|Any CPU
		{2E1AEF64-10FF-4B72-B21D-81773D787A25}.Release|Any CPU.Build.0 = Release|Any CPU
	EndGlobalSection
EndGlobal
